
Microsoft Visual Studio Solution File, Format Version 12.00
# Visual Studio 14
VisualStudioVersion = 14.0.25123.0
MinimumVisualStudioVersion = 10.0.40219.1
Project("{FAE04EC0-301F-11D3-BF4B-00C04F79EFBC}") = "UserManagementLibrary", "ClassLibrary1\UserManagementLibrary.csproj", "{285095E5-E264-4ED4-814D-65F8DD463AB9}"
EndProject
Project("{FAE04EC0-301F-11D3-BF4B-00C04F79EFBC}") = "UserManagementTest", "UnitTestProject_demo\UserManagementTest.csproj", "{DF2333F4-7D39-406A-B317-DF2F61101DD5}"
EndProject
Project("{FAE04EC0-301F-11D3-BF4B-00C04F79EFBC}") = "UserManagementOperation", "UserManagementOperation\UserManagementOperation.csproj", "{7F552CEE-6CDA-43FC-B102-E3B2E1D6E657}"
EndProject
Global
	GlobalSection(SolutionConfigurationPlatforms) = preSolution
		Debug|Any CPU = Debug|Any CPU
		Release|Any CPU = Release|Any CPU
	EndGlobalSection
	GlobalSection(ProjectConfigurationPlatforms) = postSolution
		{285095E5-E264-4ED4-814D-65F8DD463AB9}.Debug|Any CPU.ActiveCfg = Debug|Any CPU
		{285095E5-E264-4ED4-814D-65F8DD463AB9}.Debug|Any CPU.Build.0 = Debug|Any CPU
		{285095E5-E264-4ED4-814D-65F8DD463AB9}.Release|Any CPU.ActiveCfg = Release|Any CPU
		{285095E5-E264-4ED4-814D-65F8DD463AB9}.Release|Any CPU.Build.0 = Release|Any CPU
		{DF2333F4-7D39-406A-B317-DF2F61101DD5}.Debug|Any CPU.ActiveCfg = Debug|Any CPU
		{DF2333F4-7D39-406A-B317-DF2F61101DD5}.Debug|Any CPU.Build.0 = Debug|Any CPU
		{DF2333F4-7D39-406A-B317-DF2F61101DD5}.Release|Any CPU.ActiveCfg = Release|Any CPU
		{DF2333F4-7D39-406A-B317-DF2F61101DD5}.Release|Any CPU.Build.0 = Release|Any CPU
		{7F552CEE-6CDA-43FC-B102-E3B2E1D6E657}.Debug|Any CPU.ActiveCfg = Debug|Any CPU
		{7F552CEE-6CDA-43FC-B102-E3B2E1D6E657}.Debug|Any CPU.Build.0 = Debug|Any CPU
		{7F552CEE-6CDA-43FC-B102-E3B2E1D6E657}.Release|Any CPU.ActiveCfg = Release|Any CPU
		{7F552CEE-6CDA-43FC-B102-E3B2E1D6E657}.Release|Any CPU.Build.0 = Release|Any CPU
	EndGlobalSection
	GlobalSection(SolutionProperties) = preSolution
		HideSolutionNode = FALSE
	EndGlobalSection
EndGlobal
